
Microsoft Visual Studio Solution File, Format Version 12.00
# Visual Studio Version 17
VisualStudioVersion = 17.2.32526.322
MinimumVisualStudioVersion = 10.0.40219.1
Project("{9A19103F-16F7-4668-BE54-9A1E7A4F7556}") = "Dime.Scheduler.Connect", "Dime.Scheduler.Connect.csproj", "{AE87DF70-3FC1-466C-8DA1-F522C847C7A6}"
EndProject
Global
	GlobalSection(SolutionConfigurationPlatforms) = preSolution
		Debug|Any CPU = Debug|Any CPU
		Release|Any CPU = Release|Any CPU
	EndGlobalSection
	GlobalSection(ProjectConfigurationPlatforms) = postSolution
		{AE87DF70-3FC1-466C-8DA1-F522C847C7A6}.Debug|Any CPU.ActiveCfg = Debug|Any CPU
		{AE87DF70-3FC1-466C-8DA1-F522C847C7A6}.Debug|Any CPU.Build.0 = Debug|Any CPU
		{AE87DF70-3FC1-466C-8DA1-F522C847C7A6}.Release|Any CPU.ActiveCfg = Release|Any CPU
		{AE87DF70-3FC1-466C-8DA1-F522C847C7A6}.Release|Any CPU.Build.0 = Release|Any CPU
	EndGlobalSection
	GlobalSection(SolutionProperties) = preSolution
		HideSolutionNode = FALSE
	EndGlobalSection
	GlobalSection(ExtensibilityGlobals) = postSolution
		SolutionGuid = {4B46B1AA-EB9A-46A8-8DF5-076A271BEE2F}
	EndGlobalSection
EndGlobal
